
Microsoft Visual Studio Solution File, Format Version 12.00
# Visual Studio Version 17
VisualStudioVersion = 17.0.31903.59
MinimumVisualStudioVersion = 10.0.40219.1
Project("{2150E333-8FDC-42A3-9474-1A3956D46DE8}") = "core", "core", "{033D7DBA-D3CC-4D4B-AA55-BD17E79D9497}"
EndProject
Project("{2150E333-8FDC-42A3-9474-1A3956D46DE8}") = "src", "src", "{EDCBEBF0-4512-4630-A28A-D8F089B431BD}"
EndProject
Project("{FAE04EC0-301F-11D3-BF4B-00C04F79EFBC}") = "Core.Domain", "core\src\Core.Domain\Core.Domain.csproj", "{5964EDF2-E14E-4A66-875F-63370A90C0C3}"
EndProject
Project("{2150E333-8FDC-42A3-9474-1A3956D46DE8}") = "infrastructure", "infrastructure", "{7C76FA10-27E3-447E-9D87-BF014B4C54BB}"
EndProject
Project("{2150E333-8FDC-42A3-9474-1A3956D46DE8}") = "src", "src", "{5AF5569A-F053-4542-B07B-7B64EEEC52AB}"
EndProject
Project("{FAE04EC0-301F-11D3-BF4B-00C04F79EFBC}") = "Infrastructure.Db", "infrastructure\src\Infrastructure.Db\Infrastructure.Db.csproj", "{DF79BB6A-4274-445C-A3A6-31BCD3A9C60D}"
EndProject
Project("{FAE04EC0-301F-11D3-BF4B-00C04F79EFBC}") = "Infrastructure.Db.Migrator", "infrastructure\src\Infrastructure.Db.Migrator\Infrastructure.Db.Migrator.csproj", "{C1674DE2-14D9-495A-A238-FB256859E590}"
EndProject
Project("{2150E333-8FDC-42A3-9474-1A3956D46DE8}") = "server", "server", "{902F245F-EE22-4581-8B34-72BE0C4D908D}"
EndProject
Project("{2150E333-8FDC-42A3-9474-1A3956D46DE8}") = "src", "src", "{A46E217B-14D3-46A4-931D-AE5D635D0A9A}"
EndProject
Project("{FAE04EC0-301F-11D3-BF4B-00C04F79EFBC}") = "Server.Application", "server\src\Server.Application\Server.Application.csproj", "{6D4401CB-C648-4AD1-A648-EF784719386C}"
EndProject
Project("{FAE04EC0-301F-11D3-BF4B-00C04F79EFBC}") = "Server.Db", "server\src\Server.Db\Server.Db.csproj", "{67A59752-3083-4765-87DD-4910B3493242}"
EndProject
Project("{FAE04EC0-301F-11D3-BF4B-00C04F79EFBC}") = "Server.Db.Migrator", "server\src\Server.Db.Migrator\Server.Db.Migrator.csproj", "{7DD07336-54D0-4E65-8ADB-10B4EB089A3B}"
EndProject
Project("{FAE04EC0-301F-11D3-BF4B-00C04F79EFBC}") = "Server.Host", "server\src\Server.Host\Server.Host.csproj", "{2FD518A6-1870-49DA-8329-4B6FDE0D0B1B}"
EndProject
Project("{2150E333-8FDC-42A3-9474-1A3956D46DE8}") = "test", "test", "{9815086C-4644-4667-BDEC-D392D1B35BCE}"
EndProject
Project("{FAE04EC0-301F-11D3-BF4B-00C04F79EFBC}") = "Server.IntegrationTests", "server\test\Server.IntegrationTests\Server.IntegrationTests.csproj", "{64CD473C-1F23-424F-8709-FFD261FFB0DE}"
EndProject
Project("{FAE04EC0-301F-11D3-BF4B-00C04F79EFBC}") = "Server.ViewModels", "server\src\Server.ViewModels\Server.ViewModels.csproj", "{2C88372A-5DD4-4F17-93C3-5833DEADD741}"
EndProject
Project("{2150E333-8FDC-42A3-9474-1A3956D46DE8}") = "web", "web", "{50268155-3AFF-4ACF-B944-21B955264904}"
EndProject
Project("{2150E333-8FDC-42A3-9474-1A3956D46DE8}") = "src", "src", "{937FF14A-D089-46DE-BEF6-439F17757C09}"
EndProject
Project("{FAE04EC0-301F-11D3-BF4B-00C04F79EFBC}") = "Site", "web\src\Site\Site.csproj", "{6A61182C-07EA-4FB7-B4C3-5C0512F7A4EC}"
EndProject
Global
	GlobalSection(SolutionConfigurationPlatforms) = preSolution
		Debug|Any CPU = Debug|Any CPU
		Release|Any CPU = Release|Any CPU
	EndGlobalSection
	GlobalSection(SolutionProperties) = preSolution
		HideSolutionNode = FALSE
	EndGlobalSection
	GlobalSection(ProjectConfigurationPlatforms) = postSolution
		{5964EDF2-E14E-4A66-875F-63370A90C0C3}.Debug|Any CPU.ActiveCfg = Debug|Any CPU
		{5964EDF2-E14E-4A66-875F-63370A90C0C3}.Debug|Any CPU.Build.0 = Debug|Any CPU
		{5964EDF2-E14E-4A66-875F-63370A90C0C3}.Release|Any CPU.ActiveCfg = Release|Any CPU
		{5964EDF2-E14E-4A66-875F-63370A90C0C3}.Release|Any CPU.Build.0 = Release|Any CPU
		{DF79BB6A-4274-445C-A3A6-31BCD3A9C60D}.Debug|Any CPU.ActiveCfg = Debug|Any CPU
		{DF79BB6A-4274-445C-A3A6-31BCD3A9C60D}.Debug|Any CPU.Build.0 = Debug|Any CPU
		{DF79BB6A-4274-445C-A3A6-31BCD3A9C60D}.Release|Any CPU.ActiveCfg = Release|Any CPU
		{DF79BB6A-4274-445C-A3A6-31BCD3A9C60D}.Release|Any CPU.Build.0 = Release|Any CPU
		{C1674DE2-14D9-495A-A238-FB256859E590}.Debug|Any CPU.ActiveCfg = Debug|Any CPU
		{C1674DE2-14D9-495A-A238-FB256859E590}.Debug|Any CPU.Build.0 = Debug|Any CPU
		{C1674DE2-14D9-495A-A238-FB256859E590}.Release|Any CPU.ActiveCfg = Release|Any CPU
		{C1674DE2-14D9-495A-A238-FB256859E590}.Release|Any CPU.Build.0 = Release|Any CPU
		{6D4401CB-C648-4AD1-A648-EF784719386C}.Debug|Any CPU.ActiveCfg = Debug|Any CPU
		{6D4401CB-C648-4AD1-A648-EF784719386C}.Debug|Any CPU.Build.0 = Debug|Any CPU
		{6D4401CB-C648-4AD1-A648-EF784719386C}.Release|Any CPU.ActiveCfg = Release|Any CPU
		{6D4401CB-C648-4AD1-A648-EF784719386C}.Release|Any CPU.Build.0 = Release|Any CPU
		{67A59752-3083-4765-87DD-4910B3493242}.Debug|Any CPU.ActiveCfg = Debug|Any CPU
		{67A59752-3083-4765-87DD-4910B3493242}.Debug|Any CPU.Build.0 = Debug|Any CPU
		{67A59752-3083-4765-87DD-4910B3493242}.Release|Any CPU.ActiveCfg = Release|Any CPU
		{67A59752-3083-4765-87DD-4910B3493242}.Release|Any CPU.Build.0 = Release|Any CPU
		{7DD07336-54D0-4E65-8ADB-10B4EB089A3B}.Debug|Any CPU.ActiveCfg = Debug|Any CPU
		{7DD07336-54D0-4E65-8ADB-10B4EB089A3B}.Debug|Any CPU.Build.0 = Debug|Any CPU
		{7DD07336-54D0-4E65-8ADB-10B4EB089A3B}.Release|Any CPU.ActiveCfg = Release|Any CPU
		{7DD07336-54D0-4E65-8ADB-10B4EB089A3B}.Release|Any CPU.Build.0 = Release|Any CPU
		{2FD518A6-1870-49DA-8329-4B6FDE0D0B1B}.Debug|Any CPU.ActiveCfg = Debug|Any CPU
		{2FD518A6-1870-49DA-8329-4B6FDE0D0B1B}.Debug|Any CPU.Build.0 = Debug|Any CPU
		{2FD518A6-1870-49DA-8329-4B6FDE0D0B1B}.Release|Any CPU.ActiveCfg = Release|Any CPU
		{2FD518A6-1870-49DA-8329-4B6FDE0D0B1B}.Release|Any CPU.Build.0 = Release|Any CPU
		{64CD473C-1F23-424F-8709-FFD261FFB0DE}.Debug|Any CPU.ActiveCfg = Debug|Any CPU
		{64CD473C-1F23-424F-8709-FFD261FFB0DE}.Debug|Any CPU.Build.0 = Debug|Any CPU
		{64CD473C-1F23-424F-8709-FFD261FFB0DE}.Release|Any CPU.ActiveCfg = Release|Any CPU
		{64CD473C-1F23-424F-8709-FFD261FFB0DE}.Release|Any CPU.Build.0 = Release|Any CPU
		{2C88372A-5DD4-4F17-93C3-5833DEADD741}.Debug|Any CPU.ActiveCfg = Debug|Any CPU
		{2C88372A-5DD4-4F17-93C3-5833DEADD741}.Debug|Any CPU.Build.0 = Debug|Any CPU
		{2C88372A-5DD4-4F17-93C3-5833DEADD741}.Release|Any CPU.ActiveCfg = Release|Any CPU
		{2C88372A-5DD4-4F17-93C3-5833DEADD741}.Release|Any CPU.Build.0 = Release|Any CPU
		{6A61182C-07EA-4FB7-B4C3-5C0512F7A4EC}.Debug|Any CPU.ActiveCfg = Debug|Any CPU
		{6A61182C-07EA-4FB7-B4C3-5C0512F7A4EC}.Debug|Any CPU.Build.0 = Debug|Any CPU
		{6A61182C-07EA-4FB7-B4C3-5C0512F7A4EC}.Release|Any CPU.ActiveCfg = Release|Any CPU
		{6A61182C-07EA-4FB7-B4C3-5C0512F7A4EC}.Release|Any CPU.Build.0 = Release|Any CPU
	EndGlobalSection
	GlobalSection(NestedProjects) = preSolution
		{EDCBEBF0-4512-4630-A28A-D8F089B431BD} = {033D7DBA-D3CC-4D4B-AA55-BD17E79D9497}
		{5964EDF2-E14E-4A66-875F-63370A90C0C3} = {EDCBEBF0-4512-4630-A28A-D8F089B431BD}
		{5AF5569A-F053-4542-B07B-7B64EEEC52AB} = {7C76FA10-27E3-447E-9D87-BF014B4C54BB}
		{DF79BB6A-4274-445C-A3A6-31BCD3A9C60D} = {5AF5569A-F053-4542-B07B-7B64EEEC52AB}
		{C1674DE2-14D9-495A-A238-FB256859E590} = {5AF5569A-F053-4542-B07B-7B64EEEC52AB}
		{A46E217B-14D3-46A4-931D-AE5D635D0A9A} = {902F245F-EE22-4581-8B34-72BE0C4D908D}
		{6D4401CB-C648-4AD1-A648-EF784719386C} = {A46E217B-14D3-46A4-931D-AE5D635D0A9A}
		{67A59752-3083-4765-87DD-4910B3493242} = {A46E217B-14D3-46A4-931D-AE5D635D0A9A}
		{7DD07336-54D0-4E65-8ADB-10B4EB089A3B} = {A46E217B-14D3-46A4-931D-AE5D635D0A9A}
		{2FD518A6-1870-49DA-8329-4B6FDE0D0B1B} = {A46E217B-14D3-46A4-931D-AE5D635D0A9A}
		{9815086C-4644-4667-BDEC-D392D1B35BCE} = {902F245F-EE22-4581-8B34-72BE0C4D908D}
		{64CD473C-1F23-424F-8709-FFD261FFB0DE} = {9815086C-4644-4667-BDEC-D392D1B35BCE}
		{2C88372A-5DD4-4F17-93C3-5833DEADD741} = {A46E217B-14D3-46A4-931D-AE5D635D0A9A}
		{937FF14A-D089-46DE-BEF6-439F17757C09} = {50268155-3AFF-4ACF-B944-21B955264904}
		{6A61182C-07EA-4FB7-B4C3-5C0512F7A4EC} = {937FF14A-D089-46DE-BEF6-439F17757C09}
	EndGlobalSection
EndGlobal
