
Microsoft Visual Studio Solution File, Format Version 12.00
# Visual Studio 15
VisualStudioVersion = 15.0.26124.0
MinimumVisualStudioVersion = 15.0.26124.0
Project("{2150E333-8FDC-42A3-9474-1A3956D46DE8}") = "src", "src", "{A5F88A58-EACE-4A46-A1C1-CCE08E7B7D6E}"
EndProject
Project("{2150E333-8FDC-42A3-9474-1A3956D46DE8}") = "api", "api", "{3AF4422F-BF48-4965-BCE9-044A14834659}"
EndProject
Project("{FAE04EC0-301F-11D3-BF4B-00C04F79EFBC}") = "Exta.Api", "src\api\Exta.Api\Exta.Api.csproj", "{17DE1D7A-130B-4A55-9ADB-45CECA095640}"
EndProject
Project("{FAE04EC0-301F-11D3-BF4B-00C04F79EFBC}") = "Exta.Api.Application", "src\api\Exta.Api.Application\Exta.Api.Application.csproj", "{3C8FB51C-886F-4D11-A32A-C86C34C2A338}"
EndProject
Project("{FAE04EC0-301F-11D3-BF4B-00C04F79EFBC}") = "Exta.Api.ViewModels", "src\api\Exta.Api.ViewModels\Exta.Api.ViewModels.csproj", "{FD794DF5-04DB-4B88-8F73-71DCB9DD2828}"
EndProject
Project("{2150E333-8FDC-42A3-9474-1A3956D46DE8}") = "site", "site", "{328F30CB-3EA0-46D6-AF6C-11C5FA57C5C3}"
EndProject
Project("{FAE04EC0-301F-11D3-BF4B-00C04F79EFBC}") = "Exta.Site", "src\site\Exta.Site\Exta.Site.csproj", "{DF94AB72-FD38-4706-BDDF-A4E1E6924BEF}"
EndProject
Global
	GlobalSection(SolutionConfigurationPlatforms) = preSolution
		Debug|Any CPU = Debug|Any CPU
		Debug|x64 = Debug|x64
		Debug|x86 = Debug|x86
		Release|Any CPU = Release|Any CPU
		Release|x64 = Release|x64
		Release|x86 = Release|x86
	EndGlobalSection
	GlobalSection(SolutionProperties) = preSolution
		HideSolutionNode = FALSE
	EndGlobalSection
	GlobalSection(ProjectConfigurationPlatforms) = postSolution
		{17DE1D7A-130B-4A55-9ADB-45CECA095640}.Debug|Any CPU.ActiveCfg = Debug|Any CPU
		{17DE1D7A-130B-4A55-9ADB-45CECA095640}.Debug|Any CPU.Build.0 = Debug|Any CPU
		{17DE1D7A-130B-4A55-9ADB-45CECA095640}.Debug|x64.ActiveCfg = Debug|Any CPU
		{17DE1D7A-130B-4A55-9ADB-45CECA095640}.Debug|x64.Build.0 = Debug|Any CPU
		{17DE1D7A-130B-4A55-9ADB-45CECA095640}.Debug|x86.ActiveCfg = Debug|Any CPU
		{17DE1D7A-130B-4A55-9ADB-45CECA095640}.Debug|x86.Build.0 = Debug|Any CPU
		{17DE1D7A-130B-4A55-9ADB-45CECA095640}.Release|Any CPU.ActiveCfg = Release|Any CPU
		{17DE1D7A-130B-4A55-9ADB-45CECA095640}.Release|Any CPU.Build.0 = Release|Any CPU
		{17DE1D7A-130B-4A55-9ADB-45CECA095640}.Release|x64.ActiveCfg = Release|Any CPU
		{17DE1D7A-130B-4A55-9ADB-45CECA095640}.Release|x64.Build.0 = Release|Any CPU
		{17DE1D7A-130B-4A55-9ADB-45CECA095640}.Release|x86.ActiveCfg = Release|Any CPU
		{17DE1D7A-130B-4A55-9ADB-45CECA095640}.Release|x86.Build.0 = Release|Any CPU
		{3C8FB51C-886F-4D11-A32A-C86C34C2A338}.Debug|Any CPU.ActiveCfg = Debug|Any CPU
		{3C8FB51C-886F-4D11-A32A-C86C34C2A338}.Debug|Any CPU.Build.0 = Debug|Any CPU
		{3C8FB51C-886F-4D11-A32A-C86C34C2A338}.Debug|x64.ActiveCfg = Debug|Any CPU
		{3C8FB51C-886F-4D11-A32A-C86C34C2A338}.Debug|x64.Build.0 = Debug|Any CPU
		{3C8FB51C-886F-4D11-A32A-C86C34C2A338}.Debug|x86.ActiveCfg = Debug|Any CPU
		{3C8FB51C-886F-4D11-A32A-C86C34C2A338}.Debug|x86.Build.0 = Debug|Any CPU
		{3C8FB51C-886F-4D11-A32A-C86C34C2A338}.Release|Any CPU.ActiveCfg = Release|Any CPU
		{3C8FB51C-886F-4D11-A32A-C86C34C2A338}.Release|Any CPU.Build.0 = Release|Any CPU
		{3C8FB51C-886F-4D11-A32A-C86C34C2A338}.Release|x64.ActiveCfg = Release|Any CPU
		{3C8FB51C-886F-4D11-A32A-C86C34C2A338}.Release|x64.Build.0 = Release|Any CPU
		{3C8FB51C-886F-4D11-A32A-C86C34C2A338}.Release|x86.ActiveCfg = Release|Any CPU
		{3C8FB51C-886F-4D11-A32A-C86C34C2A338}.Release|x86.Build.0 = Release|Any CPU
		{FD794DF5-04DB-4B88-8F73-71DCB9DD2828}.Debug|Any CPU.ActiveCfg = Debug|Any CPU
		{FD794DF5-04DB-4B88-8F73-71DCB9DD2828}.Debug|Any CPU.Build.0 = Debug|Any CPU
		{FD794DF5-04DB-4B88-8F73-71DCB9DD2828}.Debug|x64.ActiveCfg = Debug|Any CPU
		{FD794DF5-04DB-4B88-8F73-71DCB9DD2828}.Debug|x64.Build.0 = Debug|Any CPU
		{FD794DF5-04DB-4B88-8F73-71DCB9DD2828}.Debug|x86.ActiveCfg = Debug|Any CPU
		{FD794DF5-04DB-4B88-8F73-71DCB9DD2828}.Debug|x86.Build.0 = Debug|Any CPU
		{FD794DF5-04DB-4B88-8F73-71DCB9DD2828}.Release|Any CPU.ActiveCfg = Release|Any CPU
		{FD794DF5-04DB-4B88-8F73-71DCB9DD2828}.Release|Any CPU.Build.0 = Release|Any CPU
		{FD794DF5-04DB-4B88-8F73-71DCB9DD2828}.Release|x64.ActiveCfg = Release|Any CPU
		{FD794DF5-04DB-4B88-8F73-71DCB9DD2828}.Release|x64.Build.0 = Release|Any CPU
		{FD794DF5-04DB-4B88-8F73-71DCB9DD2828}.Release|x86.ActiveCfg = Release|Any CPU
		{FD794DF5-04DB-4B88-8F73-71DCB9DD2828}.Release|x86.Build.0 = Release|Any CPU
		{DF94AB72-FD38-4706-BDDF-A4E1E6924BEF}.Debug|Any CPU.ActiveCfg = Debug|Any CPU
		{DF94AB72-FD38-4706-BDDF-A4E1E6924BEF}.Debug|Any CPU.Build.0 = Debug|Any CPU
		{DF94AB72-FD38-4706-BDDF-A4E1E6924BEF}.Debug|x64.ActiveCfg = Debug|Any CPU
		{DF94AB72-FD38-4706-BDDF-A4E1E6924BEF}.Debug|x64.Build.0 = Debug|Any CPU
		{DF94AB72-FD38-4706-BDDF-A4E1E6924BEF}.Debug|x86.ActiveCfg = Debug|Any CPU
		{DF94AB72-FD38-4706-BDDF-A4E1E6924BEF}.Debug|x86.Build.0 = Debug|Any CPU
		{DF94AB72-FD38-4706-BDDF-A4E1E6924BEF}.Release|Any CPU.ActiveCfg = Release|Any CPU
		{DF94AB72-FD38-4706-BDDF-A4E1E6924BEF}.Release|Any CPU.Build.0 = Release|Any CPU
		{DF94AB72-FD38-4706-BDDF-A4E1E6924BEF}.Release|x64.ActiveCfg = Release|Any CPU
		{DF94AB72-FD38-4706-BDDF-A4E1E6924BEF}.Release|x64.Build.0 = Release|Any CPU
		{DF94AB72-FD38-4706-BDDF-A4E1E6924BEF}.Release|x86.ActiveCfg = Release|Any CPU
		{DF94AB72-FD38-4706-BDDF-A4E1E6924BEF}.Release|x86.Build.0 = Release|Any CPU
	EndGlobalSection
	GlobalSection(NestedProjects) = preSolution
		{3AF4422F-BF48-4965-BCE9-044A14834659} = {A5F88A58-EACE-4A46-A1C1-CCE08E7B7D6E}
		{17DE1D7A-130B-4A55-9ADB-45CECA095640} = {3AF4422F-BF48-4965-BCE9-044A14834659}
		{3C8FB51C-886F-4D11-A32A-C86C34C2A338} = {3AF4422F-BF48-4965-BCE9-044A14834659}
		{FD794DF5-04DB-4B88-8F73-71DCB9DD2828} = {3AF4422F-BF48-4965-BCE9-044A14834659}
		{328F30CB-3EA0-46D6-AF6C-11C5FA57C5C3} = {A5F88A58-EACE-4A46-A1C1-CCE08E7B7D6E}
		{DF94AB72-FD38-4706-BDDF-A4E1E6924BEF} = {328F30CB-3EA0-46D6-AF6C-11C5FA57C5C3}
	EndGlobalSection
EndGlobal
