
Microsoft Visual Studio Solution File, Format Version 12.00
# Visual Studio Version 17
VisualStudioVersion = 17.0.31903.59
MinimumVisualStudioVersion = 10.0.40219.1
Project("{2150E333-8FDC-42A3-9474-1A3956D46DE8}") = "core", "core", "{E40969F4-8F73-450F-84FB-26575C372E2E}"
EndProject
Project("{2150E333-8FDC-42A3-9474-1A3956D46DE8}") = "src", "src", "{EFF015E1-AA0B-437E-A6D1-D4EBCCB182D0}"
EndProject
Project("{FAE04EC0-301F-11D3-BF4B-00C04F79EFBC}") = "Core.Domain", "core\src\Core.Domain\Core.Domain.csproj", "{DE63BA38-B396-47DB-A87B-986E27881B71}"
EndProject
Project("{2150E333-8FDC-42A3-9474-1A3956D46DE8}") = "infrastructure", "infrastructure", "{819ABE6A-1418-4886-8EF4-3128C8DFED84}"
EndProject
Project("{2150E333-8FDC-42A3-9474-1A3956D46DE8}") = "src", "src", "{3DBCA4B6-D474-4061-B8AC-C76AA42D52B5}"
EndProject
Project("{FAE04EC0-301F-11D3-BF4B-00C04F79EFBC}") = "Infrastructure.Db", "infrastructure\src\Infrastructure.Db\Infrastructure.Db.csproj", "{BFED72DD-90A7-4EFB-AA04-7C90A577ABB5}"
EndProject
Project("{FAE04EC0-301F-11D3-BF4B-00C04F79EFBC}") = "Infrastructure.Db.Migrator", "infrastructure\src\Infrastructure.Db.Migrator\Infrastructure.Db.Migrator.csproj", "{FA9B499D-E06D-4E92-9EC0-BB861144F00D}"
EndProject
Project("{2150E333-8FDC-42A3-9474-1A3956D46DE8}") = "server", "server", "{9E1A9CD2-076E-46A4-945E-BC8C806A005C}"
EndProject
Project("{2150E333-8FDC-42A3-9474-1A3956D46DE8}") = "src", "src", "{E09E2755-4C74-441A-9291-BB62DDBD8C43}"
EndProject
Project("{FAE04EC0-301F-11D3-BF4B-00C04F79EFBC}") = "Server.Application", "server\src\Server.Application\Server.Application.csproj", "{762BC4E7-8A35-4179-AB63-3A3F46EA2C67}"
EndProject
Project("{FAE04EC0-301F-11D3-BF4B-00C04F79EFBC}") = "Server.Db", "server\src\Server.Db\Server.Db.csproj", "{81E7BBC2-E26E-4A27-AF59-AD229F6F9A80}"
EndProject
Project("{FAE04EC0-301F-11D3-BF4B-00C04F79EFBC}") = "Server.Db.Migrator", "server\src\Server.Db.Migrator\Server.Db.Migrator.csproj", "{8F25ED48-B039-4B2E-A03A-5C53EF434D76}"
EndProject
Project("{FAE04EC0-301F-11D3-BF4B-00C04F79EFBC}") = "Server.Host", "server\src\Server.Host\Server.Host.csproj", "{FC7ECECA-BEA3-4303-B664-D03FD1B2164A}"
EndProject
Project("{FAE04EC0-301F-11D3-BF4B-00C04F79EFBC}") = "Server.ViewModels", "server\src\Server.ViewModels\Server.ViewModels.csproj", "{E52AD017-7311-4426-8259-645723A2AF50}"
EndProject
Project("{2150E333-8FDC-42A3-9474-1A3956D46DE8}") = "web", "web", "{4CE3DF99-8DD4-44D6-B18E-8FDFC194C1F4}"
EndProject
Project("{2150E333-8FDC-42A3-9474-1A3956D46DE8}") = "src", "src", "{1EC1AD02-598C-41CB-BB0C-E0D1A68E653E}"
EndProject
Project("{FAE04EC0-301F-11D3-BF4B-00C04F79EFBC}") = "Site", "web\src\Site\Site.csproj", "{1F081DB1-3C11-4F51-9FE7-5CD14D824027}"
EndProject
Global
	GlobalSection(SolutionConfigurationPlatforms) = preSolution
		Debug|Any CPU = Debug|Any CPU
		Release|Any CPU = Release|Any CPU
	EndGlobalSection
	GlobalSection(SolutionProperties) = preSolution
		HideSolutionNode = FALSE
	EndGlobalSection
	GlobalSection(ProjectConfigurationPlatforms) = postSolution
		{DE63BA38-B396-47DB-A87B-986E27881B71}.Debug|Any CPU.ActiveCfg = Debug|Any CPU
		{DE63BA38-B396-47DB-A87B-986E27881B71}.Debug|Any CPU.Build.0 = Debug|Any CPU
		{DE63BA38-B396-47DB-A87B-986E27881B71}.Release|Any CPU.ActiveCfg = Release|Any CPU
		{DE63BA38-B396-47DB-A87B-986E27881B71}.Release|Any CPU.Build.0 = Release|Any CPU
		{BFED72DD-90A7-4EFB-AA04-7C90A577ABB5}.Debug|Any CPU.ActiveCfg = Debug|Any CPU
		{BFED72DD-90A7-4EFB-AA04-7C90A577ABB5}.Debug|Any CPU.Build.0 = Debug|Any CPU
		{BFED72DD-90A7-4EFB-AA04-7C90A577ABB5}.Release|Any CPU.ActiveCfg = Release|Any CPU
		{BFED72DD-90A7-4EFB-AA04-7C90A577ABB5}.Release|Any CPU.Build.0 = Release|Any CPU
		{FA9B499D-E06D-4E92-9EC0-BB861144F00D}.Debug|Any CPU.ActiveCfg = Debug|Any CPU
		{FA9B499D-E06D-4E92-9EC0-BB861144F00D}.Debug|Any CPU.Build.0 = Debug|Any CPU
		{FA9B499D-E06D-4E92-9EC0-BB861144F00D}.Release|Any CPU.ActiveCfg = Release|Any CPU
		{FA9B499D-E06D-4E92-9EC0-BB861144F00D}.Release|Any CPU.Build.0 = Release|Any CPU
		{762BC4E7-8A35-4179-AB63-3A3F46EA2C67}.Debug|Any CPU.ActiveCfg = Debug|Any CPU
		{762BC4E7-8A35-4179-AB63-3A3F46EA2C67}.Debug|Any CPU.Build.0 = Debug|Any CPU
		{762BC4E7-8A35-4179-AB63-3A3F46EA2C67}.Release|Any CPU.ActiveCfg = Release|Any CPU
		{762BC4E7-8A35-4179-AB63-3A3F46EA2C67}.Release|Any CPU.Build.0 = Release|Any CPU
		{81E7BBC2-E26E-4A27-AF59-AD229F6F9A80}.Debug|Any CPU.ActiveCfg = Debug|Any CPU
		{81E7BBC2-E26E-4A27-AF59-AD229F6F9A80}.Debug|Any CPU.Build.0 = Debug|Any CPU
		{81E7BBC2-E26E-4A27-AF59-AD229F6F9A80}.Release|Any CPU.ActiveCfg = Release|Any CPU
		{81E7BBC2-E26E-4A27-AF59-AD229F6F9A80}.Release|Any CPU.Build.0 = Release|Any CPU
		{8F25ED48-B039-4B2E-A03A-5C53EF434D76}.Debug|Any CPU.ActiveCfg = Debug|Any CPU
		{8F25ED48-B039-4B2E-A03A-5C53EF434D76}.Debug|Any CPU.Build.0 = Debug|Any CPU
		{8F25ED48-B039-4B2E-A03A-5C53EF434D76}.Release|Any CPU.ActiveCfg = Release|Any CPU
		{8F25ED48-B039-4B2E-A03A-5C53EF434D76}.Release|Any CPU.Build.0 = Release|Any CPU
		{FC7ECECA-BEA3-4303-B664-D03FD1B2164A}.Debug|Any CPU.ActiveCfg = Debug|Any CPU
		{FC7ECECA-BEA3-4303-B664-D03FD1B2164A}.Debug|Any CPU.Build.0 = Debug|Any CPU
		{FC7ECECA-BEA3-4303-B664-D03FD1B2164A}.Release|Any CPU.ActiveCfg = Release|Any CPU
		{FC7ECECA-BEA3-4303-B664-D03FD1B2164A}.Release|Any CPU.Build.0 = Release|Any CPU
		{E52AD017-7311-4426-8259-645723A2AF50}.Debug|Any CPU.ActiveCfg = Debug|Any CPU
		{E52AD017-7311-4426-8259-645723A2AF50}.Debug|Any CPU.Build.0 = Debug|Any CPU
		{E52AD017-7311-4426-8259-645723A2AF50}.Release|Any CPU.ActiveCfg = Release|Any CPU
		{E52AD017-7311-4426-8259-645723A2AF50}.Release|Any CPU.Build.0 = Release|Any CPU
		{1F081DB1-3C11-4F51-9FE7-5CD14D824027}.Debug|Any CPU.ActiveCfg = Debug|Any CPU
		{1F081DB1-3C11-4F51-9FE7-5CD14D824027}.Debug|Any CPU.Build.0 = Debug|Any CPU
		{1F081DB1-3C11-4F51-9FE7-5CD14D824027}.Release|Any CPU.ActiveCfg = Release|Any CPU
		{1F081DB1-3C11-4F51-9FE7-5CD14D824027}.Release|Any CPU.Build.0 = Release|Any CPU
	EndGlobalSection
	GlobalSection(NestedProjects) = preSolution
		{EFF015E1-AA0B-437E-A6D1-D4EBCCB182D0} = {E40969F4-8F73-450F-84FB-26575C372E2E}
		{DE63BA38-B396-47DB-A87B-986E27881B71} = {EFF015E1-AA0B-437E-A6D1-D4EBCCB182D0}
		{3DBCA4B6-D474-4061-B8AC-C76AA42D52B5} = {819ABE6A-1418-4886-8EF4-3128C8DFED84}
		{BFED72DD-90A7-4EFB-AA04-7C90A577ABB5} = {3DBCA4B6-D474-4061-B8AC-C76AA42D52B5}
		{FA9B499D-E06D-4E92-9EC0-BB861144F00D} = {3DBCA4B6-D474-4061-B8AC-C76AA42D52B5}
		{E09E2755-4C74-441A-9291-BB62DDBD8C43} = {9E1A9CD2-076E-46A4-945E-BC8C806A005C}
		{762BC4E7-8A35-4179-AB63-3A3F46EA2C67} = {E09E2755-4C74-441A-9291-BB62DDBD8C43}
		{81E7BBC2-E26E-4A27-AF59-AD229F6F9A80} = {E09E2755-4C74-441A-9291-BB62DDBD8C43}
		{8F25ED48-B039-4B2E-A03A-5C53EF434D76} = {E09E2755-4C74-441A-9291-BB62DDBD8C43}
		{FC7ECECA-BEA3-4303-B664-D03FD1B2164A} = {E09E2755-4C74-441A-9291-BB62DDBD8C43}
		{E52AD017-7311-4426-8259-645723A2AF50} = {E09E2755-4C74-441A-9291-BB62DDBD8C43}
		{1EC1AD02-598C-41CB-BB0C-E0D1A68E653E} = {4CE3DF99-8DD4-44D6-B18E-8FDFC194C1F4}
		{1F081DB1-3C11-4F51-9FE7-5CD14D824027} = {1EC1AD02-598C-41CB-BB0C-E0D1A68E653E}
	EndGlobalSection
EndGlobal
